
Microsoft Visual Studio Solution File, Format Version 12.00
# Visual Studio Version 17
VisualStudioVersion = 17.11.35303.130
MinimumVisualStudioVersion = 10.0.40219.1
Project("{FAE04EC0-301F-11D3-BF4B-00C04F79EFBC}") = "AppFindPairs", "AppFindPairs\AppFindPairs.csproj", "{72995684-37D5-4C71-BCD0-DCBD87B1EACE}"
EndProject
Global
	GlobalSection(SolutionConfigurationPlatforms) = preSolution
		Debug|Any CPU = Debug|Any CPU
		Release|Any CPU = Release|Any CPU
	EndGlobalSection
	GlobalSection(ProjectConfigurationPlatforms) = postSolution
		{72995684-37D5-4C71-BCD0-DCBD87B1EACE}.Debug|Any CPU.ActiveCfg = Debug|Any CPU
		{72995684-37D5-4C71-BCD0-DCBD87B1EACE}.Debug|Any CPU.Build.0 = Debug|Any CPU
		{72995684-37D5-4C71-BCD0-DCBD87B1EACE}.Release|Any CPU.ActiveCfg = Release|Any CPU
		{72995684-37D5-4C71-BCD0-DCBD87B1EACE}.Release|Any CPU.Build.0 = Release|Any CPU
	EndGlobalSection
	GlobalSection(SolutionProperties) = preSolution
		HideSolutionNode = FALSE
	EndGlobalSection
	GlobalSection(ExtensibilityGlobals) = postSolution
		SolutionGuid = {C195635E-0E6A-4501-8708-681419B9F8B5}
	EndGlobalSection
EndGlobal
